// !$*UTF8*$!
{
	archiveVersion = 1;
	classes = {
	};
	objectVersion = 46;
	objects = {

/* Begin PBXBuildFile section */
		5D9276E91B3B5E4F00F3EA28 /* main.m in Sources */ = {isa = PBXBuildFile; fileRef = 5D9276E81B3B5E4F00F3EA28 /* main.m */; };
		5D9276EC1B3B5E4F00F3EA28 /* AppDelegate.m in Sources */ = {isa = PBXBuildFile; fileRef = 5D9276EB1B3B5E4F00F3EA28 /* AppDelegate.m */; };
		5D9276F41B3B5E4F00F3EA28 /* Images.xcassets in Resources */ = {isa = PBXBuildFile; fileRef = 5D9276F31B3B5E4F00F3EA28 /* Images.xcassets */; };
		5D9277031B3B5E4F00F3EA28 /* BlocstagramTests.m in Sources */ = {isa = PBXBuildFile; fileRef = 5D9277021B3B5E4F00F3EA28 /* BlocstagramTests.m */; };
		5D92770D1B3B5FF300F3EA28 /* Default-568h@2x.png in Resources */ = {isa = PBXBuildFile; fileRef = 5D92770C1B3B5FF300F3EA28 /* Default-568h@2x.png */; };
		5D92772F1B3B68D900F3EA28 /* 1.jpg in Resources */ = {isa = PBXBuildFile; fileRef = 5D9277271B3B68D900F3EA28 /* 1.jpg */; };
		5D9277301B3B68D900F3EA28 /* 2.jpg in Resources */ = {isa = PBXBuildFile; fileRef = 5D9277281B3B68D900F3EA28 /* 2.jpg */; };
		5D9277311B3B68D900F3EA28 /* 3.jpg in Resources */ = {isa = PBXBuildFile; fileRef = 5D9277291B3B68D900F3EA28 /* 3.jpg */; };
		5D9277321B3B68D900F3EA28 /* 4.jpg in Resources */ = {isa = PBXBuildFile; fileRef = 5D92772A1B3B68D900F3EA28 /* 4.jpg */; };
		5D9277331B3B68D900F3EA28 /* 7.jpg in Resources */ = {isa = PBXBuildFile; fileRef = 5D92772B1B3B68D900F3EA28 /* 7.jpg */; };
		5D9277341B3B68D900F3EA28 /* 8.jpg in Resources */ = {isa = PBXBuildFile; fileRef = 5D92772C1B3B68D900F3EA28 /* 8.jpg */; };
		5D9277351B3B68D900F3EA28 /* 9.jpg in Resources */ = {isa = PBXBuildFile; fileRef = 5D92772D1B3B68D900F3EA28 /* 9.jpg */; };
		5D9277361B3B68D900F3EA28 /* 10.jpg in Resources */ = {isa = PBXBuildFile; fileRef = 5D92772E1B3B68D900F3EA28 /* 10.jpg */; };
		5D9277391B3B68EE00F3EA28 /* 5.jpg in Resources */ = {isa = PBXBuildFile; fileRef = 5D9277371B3B68EE00F3EA28 /* 5.jpg */; };
		5D92773A1B3B68EE00F3EA28 /* 6.jpg in Resources */ = {isa = PBXBuildFile; fileRef = 5D9277381B3B68EE00F3EA28 /* 6.jpg */; };
		5D9277431B3B69A500F3EA28 /* ImagesTableViewController.m in Sources */ = {isa = PBXBuildFile; fileRef = 5D9277421B3B69A500F3EA28 /* ImagesTableViewController.m */; };
		5D99CE5E1B3CBF43008CEA58 /* User.m in Sources */ = {isa = PBXBuildFile; fileRef = 5D99CE5D1B3CBF43008CEA58 /* User.m */; };
		5D99CE611B3CC57E008CEA58 /* Media.m in Sources */ = {isa = PBXBuildFile; fileRef = 5D99CE601B3CC57E008CEA58 /* Media.m */; };
		5D99CE641B3CC9D4008CEA58 /* Comment.m in Sources */ = {isa = PBXBuildFile; fileRef = 5D99CE631B3CC9D4008CEA58 /* Comment.m */; };
		5D99CE671B3CCCB5008CEA58 /* DataSource.m in Sources */ = {isa = PBXBuildFile; fileRef = 5D99CE661B3CCCB5008CEA58 /* DataSource.m */; };
		5DCF85171B4213AE00B4722E /* MediaTableViewCell.m in Sources */ = {isa = PBXBuildFile; fileRef = 5DCF85161B4213AE00B4722E /* MediaTableViewCell.m */; };
/* End PBXBuildFile section */

/* Begin PBXContainerItemProxy section */
		5D9276FD1B3B5E4F00F3EA28 /* PBXContainerItemProxy */ = {
			isa = PBXContainerItemProxy;
			containerPortal = 5D9276DB1B3B5E4F00F3EA28 /* Project object */;
			proxyType = 1;
			remoteGlobalIDString = 5D9276E21B3B5E4F00F3EA28;
			remoteInfo = Blocstagram;
		};
/* End PBXContainerItemProxy section */

/* Begin PBXFileReference section */
		5D9276E31B3B5E4F00F3EA28 /* Blocstagram.app */ = {isa = PBXFileReference; explicitFileType = wrapper.application; includeInIndex = 0; path = Blocstagram.app; sourceTree = BUILT_PRODUCTS_DIR; };
		5D9276E71B3B5E4F00F3EA28 /* Info.plist */ = {isa = PBXFileReference; lastKnownFileType = text.plist.xml; path = Info.plist; sourceTree = "<group>"; };
		5D9276E81B3B5E4F00F3EA28 /* main.m */ = {isa = PBXFileReference; lastKnownFileType = sourcecode.c.objc; path = main.m; sourceTree = "<group>"; };
		5D9276EA1B3B5E4F00F3EA28 /* AppDelegate.h */ = {isa = PBXFileReference; lastKnownFileType = sourcecode.c.h; path = AppDelegate.h; sourceTree = "<group>"; };
		5D9276EB1B3B5E4F00F3EA28 /* AppDelegate.m */ = {isa = PBXFileReference; lastKnownFileType = sourcecode.c.objc; path = AppDelegate.m; sourceTree = "<group>"; };
		5D9276F31B3B5E4F00F3EA28 /* Images.xcassets */ = {isa = PBXFileReference; lastKnownFileType = folder.assetcatalog; path = Images.xcassets; sourceTree = "<group>"; };
		5D9276FC1B3B5E4F00F3EA28 /* BlocstagramTests.xctest */ = {isa = PBXFileReference; explicitFileType = wrapper.cfbundle; includeInIndex = 0; path = BlocstagramTests.xctest; sourceTree = BUILT_PRODUCTS_DIR; };
		5D9277011B3B5E4F00F3EA28 /* Info.plist */ = {isa = PBXFileReference; lastKnownFileType = text.plist.xml; path = Info.plist; sourceTree = "<group>"; };
		5D9277021B3B5E4F00F3EA28 /* BlocstagramTests.m */ = {isa = PBXFileReference; lastKnownFileType = sourcecode.c.objc; path = BlocstagramTests.m; sourceTree = "<group>"; };
		5D92770C1B3B5FF300F3EA28 /* Default-568h@2x.png */ = {isa = PBXFileReference; lastKnownFileType = image.png; path = "Default-568h@2x.png"; sourceTree = "<group>"; };
		5D9277271B3B68D900F3EA28 /* 1.jpg */ = {isa = PBXFileReference; lastKnownFileType = image.jpeg; path = 1.jpg; sourceTree = "<group>"; };
		5D9277281B3B68D900F3EA28 /* 2.jpg */ = {isa = PBXFileReference; lastKnownFileType = image.jpeg; path = 2.jpg; sourceTree = "<group>"; };
		5D9277291B3B68D900F3EA28 /* 3.jpg */ = {isa = PBXFileReference; lastKnownFileType = image.jpeg; path = 3.jpg; sourceTree = "<group>"; };
		5D92772A1B3B68D900F3EA28 /* 4.jpg */ = {isa = PBXFileReference; lastKnownFileType = image.jpeg; path = 4.jpg; sourceTree = "<group>"; };
		5D92772B1B3B68D900F3EA28 /* 7.jpg */ = {isa = PBXFileReference; lastKnownFileType = image.jpeg; path = 7.jpg; sourceTree = "<group>"; };
		5D92772C1B3B68D900F3EA28 /* 8.jpg */ = {isa = PBXFileReference; lastKnownFileType = image.jpeg; path = 8.jpg; sourceTree = "<group>"; };
		5D92772D1B3B68D900F3EA28 /* 9.jpg */ = {isa = PBXFileReference; lastKnownFileType = image.jpeg; path = 9.jpg; sourceTree = "<group>"; };
		5D92772E1B3B68D900F3EA28 /* 10.jpg */ = {isa = PBXFileReference; lastKnownFileType = image.jpeg; path = 10.jpg; sourceTree = "<group>"; };
		5D9277371B3B68EE00F3EA28 /* 5.jpg */ = {isa = PBXFileReference; lastKnownFileType = image.jpeg; path = 5.jpg; sourceTree = "<group>"; };
		5D9277381B3B68EE00F3EA28 /* 6.jpg */ = {isa = PBXFileReference; lastKnownFileType = image.jpeg; path = 6.jpg; sourceTree = "<group>"; };
		5D9277411B3B69A500F3EA28 /* ImagesTableViewController.h */ = {isa = PBXFileReference; fileEncoding = 4; lastKnownFileType = sourcecode.c.h; name = ImagesTableViewController.h; path = ../ImagesTableViewController.h; sourceTree = "<group>"; };
		5D9277421B3B69A500F3EA28 /* ImagesTableViewController.m */ = {isa = PBXFileReference; fileEncoding = 4; lastKnownFileType = sourcecode.c.objc; name = ImagesTableViewController.m; path = ../ImagesTableViewController.m; sourceTree = "<group>"; };
		5D99CE5C1B3CBF43008CEA58 /* User.h */ = {isa = PBXFileReference; fileEncoding = 4; lastKnownFileType = sourcecode.c.h; path = User.h; sourceTree = SOURCE_ROOT; };
		5D99CE5D1B3CBF43008CEA58 /* User.m */ = {isa = PBXFileReference; fileEncoding = 4; lastKnownFileType = sourcecode.c.objc; path = User.m; sourceTree = SOURCE_ROOT; };
		5D99CE5F1B3CC57D008CEA58 /* Media.h */ = {isa = PBXFileReference; fileEncoding = 4; lastKnownFileType = sourcecode.c.h; path = Media.h; sourceTree = SOURCE_ROOT; };
		5D99CE601B3CC57E008CEA58 /* Media.m */ = {isa = PBXFileReference; fileEncoding = 4; lastKnownFileType = sourcecode.c.objc; path = Media.m; sourceTree = SOURCE_ROOT; };
		5D99CE621B3CC9D4008CEA58 /* Comment.h */ = {isa = PBXFileReference; fileEncoding = 4; lastKnownFileType = sourcecode.c.h; path = Comment.h; sourceTree = SOURCE_ROOT; };
		5D99CE631B3CC9D4008CEA58 /* Comment.m */ = {isa = PBXFileReference; fileEncoding = 4; lastKnownFileType = sourcecode.c.objc; path = Comment.m; sourceTree = SOURCE_ROOT; };
		5D99CE651B3CCCB5008CEA58 /* DataSource.h */ = {isa = PBXFileReference; fileEncoding = 4; lastKnownFileType = sourcecode.c.h; path = DataSource.h; sourceTree = SOURCE_ROOT; };
		5D99CE661B3CCCB5008CEA58 /* DataSource.m */ = {isa = PBXFileReference; fileEncoding = 4; lastKnownFileType = sourcecode.c.objc; path = DataSource.m; sourceTree = SOURCE_ROOT; };
		5DCF85151B4213AE00B4722E /* MediaTableViewCell.h */ = {isa = PBXFileReference; fileEncoding = 4; lastKnownFileType = sourcecode.c.h; name = MediaTableViewCell.h; path = ../MediaTableViewCell.h; sourceTree = "<group>"; };
		5DCF85161B4213AE00B4722E /* MediaTableViewCell.m */ = {isa = PBXFileReference; fileEncoding = 4; lastKnownFileType = sourcecode.c.objc; name = MediaTableViewCell.m; path = ../MediaTableViewCell.m; sourceTree = "<group>"; };
/* End PBXFileReference section */

/* Begin PBXFrameworksBuildPhase section */
		5D9276E01B3B5E4F00F3EA28 /* Frameworks */ = {
			isa = PBXFrameworksBuildPhase;
			buildActionMask = 2147483647;
			files = (
			);
			runOnlyForDeploymentPostprocessing = 0;
		};
		5D9276F91B3B5E4F00F3EA28 /* Frameworks */ = {
			isa = PBXFrameworksBuildPhase;
			buildActionMask = 2147483647;
			files = (
			);
			runOnlyForDeploymentPostprocessing = 0;
		};
/* End PBXFrameworksBuildPhase section */

/* Begin PBXGroup section */
		5D9276DA1B3B5E4F00F3EA28 = {
			isa = PBXGroup;
			children = (
				5D92770C1B3B5FF300F3EA28 /* Default-568h@2x.png */,
				5D9276E51B3B5E4F00F3EA28 /* Blocstagram */,
				5D9276FF1B3B5E4F00F3EA28 /* BlocstagramTests */,
				5D9276E41B3B5E4F00F3EA28 /* Products */,
			);
			sourceTree = "<group>";
		};
		5D9276E41B3B5E4F00F3EA28 /* Products */ = {
			isa = PBXGroup;
			children = (
				5D9276E31B3B5E4F00F3EA28 /* Blocstagram.app */,
				5D9276FC1B3B5E4F00F3EA28 /* BlocstagramTests.xctest */,
			);
			name = Products;
			sourceTree = "<group>";
		};
		5D9276E51B3B5E4F00F3EA28 /* Blocstagram */ = {
			isa = PBXGroup;
			children = (
				5D92770E1B3B630300F3EA28 /* images */,
				5D9276EA1B3B5E4F00F3EA28 /* AppDelegate.h */,
				5D9276EB1B3B5E4F00F3EA28 /* AppDelegate.m */,
				5D99CE5C1B3CBF43008CEA58 /* User.h */,
				5D99CE5F1B3CC57D008CEA58 /* Media.h */,
				5D99CE621B3CC9D4008CEA58 /* Comment.h */,
				5D99CE631B3CC9D4008CEA58 /* Comment.m */,
				5D99CE651B3CCCB5008CEA58 /* DataSource.h */,
				5D99CE661B3CCCB5008CEA58 /* DataSource.m */,
				5D99CE601B3CC57E008CEA58 /* Media.m */,
				5D99CE5D1B3CBF43008CEA58 /* User.m */,
				5DCF85151B4213AE00B4722E /* MediaTableViewCell.h */,
				5DCF85161B4213AE00B4722E /* MediaTableViewCell.m */,
				5D9276F31B3B5E4F00F3EA28 /* Images.xcassets */,
				5D9276E61B3B5E4F00F3EA28 /* Supporting Files */,
			);
			path = Blocstagram;
			sourceTree = "<group>";
		};
		5D9276E61B3B5E4F00F3EA28 /* Supporting Files */ = {
			isa = PBXGroup;
			children = (
				5D9276E71B3B5E4F00F3EA28 /* Info.plist */,
				5D9276E81B3B5E4F00F3EA28 /* main.m */,
				5D9277411B3B69A500F3EA28 /* ImagesTableViewController.h */,
				5D9277421B3B69A500F3EA28 /* ImagesTableViewController.m */,
			);
			name = "Supporting Files";
			sourceTree = "<group>";
		};
		5D9276FF1B3B5E4F00F3EA28 /* BlocstagramTests */ = {
			isa = PBXGroup;
			children = (
				5D9277021B3B5E4F00F3EA28 /* BlocstagramTests.m */,
				5D9277001B3B5E4F00F3EA28 /* Supporting Files */,
			);
			path = BlocstagramTests;
			sourceTree = "<group>";
		};
		5D9277001B3B5E4F00F3EA28 /* Supporting Files */ = {
			isa = PBXGroup;
			children = (
				5D9277011B3B5E4F00F3EA28 /* Info.plist */,
			);
			name = "Supporting Files";
			sourceTree = "<group>";
		};
		5D92770E1B3B630300F3EA28 /* images */ = {
			isa = PBXGroup;
			children = (
				5D9277371B3B68EE00F3EA28 /* 5.jpg */,
				5D9277381B3B68EE00F3EA28 /* 6.jpg */,
				5D9277271B3B68D900F3EA28 /* 1.jpg */,
				5D9277281B3B68D900F3EA28 /* 2.jpg */,
				5D9277291B3B68D900F3EA28 /* 3.jpg */,
				5D92772A1B3B68D900F3EA28 /* 4.jpg */,
				5D92772B1B3B68D900F3EA28 /* 7.jpg */,
				5D92772C1B3B68D900F3EA28 /* 8.jpg */,
				5D92772D1B3B68D900F3EA28 /* 9.jpg */,
				5D92772E1B3B68D900F3EA28 /* 10.jpg */,
			);
			name = images;
			sourceTree = "<group>";
		};
/* End PBXGroup section */

/* Begin PBXNativeTarget section */
		5D9276E21B3B5E4F00F3EA28 /* Blocstagram */ = {
			isa = PBXNativeTarget;
			buildConfigurationList = 5D9277061B3B5E4F00F3EA28 /* Build configuration list for PBXNativeTarget "Blocstagram" */;
			buildPhases = (
				5D9276DF1B3B5E4F00F3EA28 /* Sources */,
				5D9276E01B3B5E4F00F3EA28 /* Frameworks */,
				5D9276E11B3B5E4F00F3EA28 /* Resources */,
			);
			buildRules = (
			);
			dependencies = (
			);
			name = Blocstagram;
			productName = Blocstagram;
			productReference = 5D9276E31B3B5E4F00F3EA28 /* Blocstagram.app */;
			productType = "com.apple.product-type.application";
		};
		5D9276FB1B3B5E4F00F3EA28 /* BlocstagramTests */ = {
			isa = PBXNativeTarget;
			buildConfigurationList = 5D9277091B3B5E4F00F3EA28 /* Build configuration list for PBXNativeTarget "BlocstagramTests" */;
			buildPhases = (
				5D9276F81B3B5E4F00F3EA28 /* Sources */,
				5D9276F91B3B5E4F00F3EA28 /* Frameworks */,
				5D9276FA1B3B5E4F00F3EA28 /* Resources */,
			);
			buildRules = (
			);
			dependencies = (
				5D9276FE1B3B5E4F00F3EA28 /* PBXTargetDependency */,
			);
			name = BlocstagramTests;
			productName = BlocstagramTests;
			productReference = 5D9276FC1B3B5E4F00F3EA28 /* BlocstagramTests.xctest */;
			productType = "com.apple.product-type.bundle.unit-test";
		};
/* End PBXNativeTarget section */

/* Begin PBXProject section */
		5D9276DB1B3B5E4F00F3EA28 /* Project object */ = {
			isa = PBXProject;
			attributes = {
				LastUpgradeCheck = 0630;
				ORGANIZATIONNAME = Mac;
				TargetAttributes = {
					5D9276E21B3B5E4F00F3EA28 = {
						CreatedOnToolsVersion = 6.3.2;
					};
					5D9276FB1B3B5E4F00F3EA28 = {
						CreatedOnToolsVersion = 6.3.2;
						TestTargetID = 5D9276E21B3B5E4F00F3EA28;
					};
				};
			};
			buildConfigurationList = 5D9276DE1B3B5E4F00F3EA28 /* Build configuration list for PBXProject "Blocstagram" */;
			compatibilityVersion = "Xcode 3.2";
			developmentRegion = English;
			hasScannedForEncodings = 0;
			knownRegions = (
				en,
				Base,
			);
			mainGroup = 5D9276DA1B3B5E4F00F3EA28;
			productRefGroup = 5D9276E41B3B5E4F00F3EA28 /* Products */;
			projectDirPath = "";
			projectRoot = "";
			targets = (
				5D9276E21B3B5E4F00F3EA28 /* Blocstagram */,
				5D9276FB1B3B5E4F00F3EA28 /* BlocstagramTests */,
			);
		};
/* End PBXProject section */

/* Begin PBXResourcesBuildPhase section */
		5D9276E11B3B5E4F00F3EA28 /* Resources */ = {
			isa = PBXResourcesBuildPhase;
			buildActionMask = 2147483647;
			files = (
				5D9277391B3B68EE00F3EA28 /* 5.jpg in Resources */,
				5D9277361B3B68D900F3EA28 /* 10.jpg in Resources */,
				5D9277351B3B68D900F3EA28 /* 9.jpg in Resources */,
				5D9277321B3B68D900F3EA28 /* 4.jpg in Resources */,
				5D9277311B3B68D900F3EA28 /* 3.jpg in Resources */,
				5D92772F1B3B68D900F3EA28 /* 1.jpg in Resources */,
				5D92773A1B3B68EE00F3EA28 /* 6.jpg in Resources */,
				5D9277331B3B68D900F3EA28 /* 7.jpg in Resources */,
				5D9277341B3B68D900F3EA28 /* 8.jpg in Resources */,
				5D9276F41B3B5E4F00F3EA28 /* Images.xcassets in Resources */,
				5D9277301B3B68D900F3EA28 /* 2.jpg in Resources */,
				5D92770D1B3B5FF300F3EA28 /* Default-568h@2x.png in Resources */,
			);
			runOnlyForDeploymentPostprocessing = 0;
		};
		5D9276FA1B3B5E4F00F3EA28 /* Resources */ = {
			isa = PBXResourcesBuildPhase;
			buildActionMask = 2147483647;
			files = (
			);
			runOnlyForDeploymentPostprocessing = 0;
		};
/* End PBXResourcesBuildPhase section */

/* Begin PBXSourcesBuildPhase section */
		5D9276DF1B3B5E4F00F3EA28 /* Sources */ = {
			isa = PBXSourcesBuildPhase;
			buildActionMask = 2147483647;
			files = (
				5D99CE5E1B3CBF43008CEA58 /* User.m in Sources */,
				5D99CE641B3CC9D4008CEA58 /* Comment.m in Sources */,
				5DCF85171B4213AE00B4722E /* MediaTableViewCell.m in Sources */,
				5D99CE611B3CC57E008CEA58 /* Media.m in Sources */,
				5D9276EC1B3B5E4F00F3EA28 /* AppDelegate.m in Sources */,
				5D99CE671B3CCCB5008CEA58 /* DataSource.m in Sources */,
				5D9276E91B3B5E4F00F3EA28 /* main.m in Sources */,
				5D9277431B3B69A500F3EA28 /* ImagesTableViewController.m in Sources */,
			);
			runOnlyForDeploymentPostprocessing = 0;
		};
		5D9276F81B3B5E4F00F3EA28 /* Sources */ = {
			isa = PBXSourcesBuildPhase;
			buildActionMask = 2147483647;
			files = (
				5D9277031B3B5E4F00F3EA28 /* BlocstagramTests.m in Sources */,
			);
			runOnlyForDeploymentPostprocessing = 0;
		};
/* End PBXSourcesBuildPhase section */

/* Begin PBXTargetDependency section */
		5D9276FE1B3B5E4F00F3EA28 /* PBXTargetDependency */ = {
			isa = PBXTargetDependency;
			target = 5D9276E21B3B5E4F00F3EA28 /* Blocstagram */;
			targetProxy = 5D9276FD1B3B5E4F00F3EA28 /* PBXContainerItemProxy */;
		};
/* End PBXTargetDependency section */

/* Begin XCBuildConfiguration section */
		5D9277041B3B5E4F00F3EA28 /* Debug */ = {
			isa = XCBuildConfiguration;
			buildSettings = {
				ALWAYS_SEARCH_USER_PATHS = NO;
				CLANG_CXX_LANGUAGE_STANDARD = "gnu++0x";
				CLANG_CXX_LIBRARY = "libc++";
				CLANG_ENABLE_MODULES = YES;
				CLANG_ENABLE_OBJC_ARC = YES;
				CLANG_WARN_BOOL_CONVERSION = YES;
				CLANG_WARN_CONSTANT_CONVERSION = YES;
				CLANG_WARN_DIRECT_OBJC_ISA_USAGE = YES_ERROR;
				CLANG_WARN_EMPTY_BODY = YES;
				CLANG_WARN_ENUM_CONVERSION = YES;
				CLANG_WARN_INT_CONVERSION = YES;
				CLANG_WARN_OBJC_ROOT_CLASS = YES_ERROR;
				CLANG_WARN_UNREACHABLE_CODE = YES;
				CLANG_WARN__DUPLICATE_METHOD_MATCH = YES;
				"CODE_SIGN_IDENTITY[sdk=iphoneos*]" = "iPhone Developer";
				COPY_PHASE_STRIP = NO;
				DEBUG_INFORMATION_FORMAT = "dwarf-with-dsym";
				ENABLE_STRICT_OBJC_MSGSEND = YES;
				GCC_C_LANGUAGE_STANDARD = gnu99;
				GCC_DYNAMIC_NO_PIC = NO;
				GCC_NO_COMMON_BLOCKS = YES;
				GCC_OPTIMIZATION_LEVEL = 0;
				GCC_PREPROCESSOR_DEFINITIONS = (
					"DEBUG=1",
					"$(inherited)",
				);
				GCC_SYMBOLS_PRIVATE_EXTERN = NO;
				GCC_WARN_64_TO_32_BIT_CONVERSION = YES;
				GCC_WARN_ABOUT_RETURN_TYPE = YES_ERROR;
				GCC_WARN_UNDECLARED_SELECTOR = YES;
				GCC_WARN_UNINITIALIZED_AUTOS = YES_AGGRESSIVE;
				GCC_WARN_UNUSED_FUNCTION = YES;
				GCC_WARN_UNUSED_VARIABLE = YES;
				IPHONEOS_DEPLOYMENT_TARGET = 8.3;
				MTL_ENABLE_DEBUG_INFO = YES;
				ONLY_ACTIVE_ARCH = YES;
				SDKROOT = iphoneos;
				TARGETED_DEVICE_FAMILY = "1,2";
			};
			name = Debug;
		};
		5D9277051B3B5E4F00F3EA28 /* Release */ = {
			isa = XCBuildConfiguration;
			buildSettings = {
				ALWAYS_SEARCH_USER_PATHS = NO;
				CLANG_CXX_LANGUAGE_STANDARD = "gnu++0x";
				CLANG_CXX_LIBRARY = "libc++";
				CLANG_ENABLE_MODULES = YES;
				CLANG_ENABLE_OBJC_ARC = YES;
				CLANG_WARN_BOOL_CONVERSION = YES;
				CLANG_WARN_CONSTANT_CONVERSION = YES;
				CLANG_WARN_DIRECT_OBJC_ISA_USAGE = YES_ERROR;
				CLANG_WARN_EMPTY_BODY = YES;
				CLANG_WARN_ENUM_CONVERSION = YES;
				CLANG_WARN_INT_CONVERSION = YES;
				CLANG_WARN_OBJC_ROOT_CLASS = YES_ERROR;
				CLANG_WARN_UNREACHABLE_CODE = YES;
				CLANG_WARN__DUPLICATE_METHOD_MATCH = YES;
				"CODE_SIGN_IDENTITY[sdk=iphoneos*]" = "iPhone Developer";
				COPY_PHASE_STRIP = NO;
				DEBUG_INFORMATION_FORMAT = "dwarf-with-dsym";
				ENABLE_NS_ASSERTIONS = NO;
				ENABLE_STRICT_OBJC_MSGSEND = YES;
				GCC_C_LANGUAGE_STANDARD = gnu99;
				GCC_NO_COMMON_BLOCKS = YES;
				GCC_WARN_64_TO_32_BIT_CONVERSION = YES;
				GCC_WARN_ABOUT_RETURN_TYPE = YES_ERROR;
				GCC_WARN_UNDECLARED_SELECTOR = YES;
				GCC_WARN_UNINITIALIZED_AUTOS = YES_AGGRESSIVE;
				GCC_WARN_UNUSED_FUNCTION = YES;
				GCC_WARN_UNUSED_VARIABLE = YES;
				IPHONEOS_DEPLOYMENT_TARGET = 8.3;
				MTL_ENABLE_DEBUG_INFO = NO;
				SDKROOT = iphoneos;
				TARGETED_DEVICE_FAMILY = "1,2";
				VALIDATE_PRODUCT = YES;
			};
			name = Release;
		};
		5D9277071B3B5E4F00F3EA28 /* Debug */ = {
			isa = XCBuildConfiguration;
			buildSettings = {
				ASSETCATALOG_COMPILER_APPICON_NAME = AppIcon;
				INFOPLIST_FILE = Blocstagram/Info.plist;
				LD_RUNPATH_SEARCH_PATHS = "$(inherited) @executable_path/Frameworks";
				PRODUCT_NAME = "$(TARGET_NAME)";
			};
			name = Debug;
		};
		5D9277081B3B5E4F00F3EA28 /* Release */ = {
			isa = XCBuildConfiguration;
			buildSettings = {
				ASSETCATALOG_COMPILER_APPICON_NAME = AppIcon;
				INFOPLIST_FILE = Blocstagram/Info.plist;
				LD_RUNPATH_SEARCH_PATHS = "$(inherited) @executable_path/Frameworks";
				PRODUCT_NAME = "$(TARGET_NAME)";
			};
			name = Release;
		};
		5D92770A1B3B5E4F00F3EA28 /* Debug */ = {
			isa = XCBuildConfiguration;
			buildSettings = {
				BUNDLE_LOADER = "$(TEST_HOST)";
				FRAMEWORK_SEARCH_PATHS = (
					"$(SDKROOT)/Developer/Library/Frameworks",
					"$(inherited)",
				);
				GCC_PREPROCESSOR_DEFINITIONS = (
					"DEBUG=1",
					"$(inherited)",
				);
				INFOPLIST_FILE = BlocstagramTests/Info.plist;
				LD_RUNPATH_SEARCH_PATHS = "$(inherited) @executable_path/Frameworks @loader_path/Frameworks";
				PRODUCT_NAME = "$(TARGET_NAME)";
				TEST_HOST = "$(BUILT_PRODUCTS_DIR)/Blocstagram.app/Blocstagram";
			};
			name = Debug;
		};
		5D92770B1B3B5E4F00F3EA28 /* Release */ = {
			isa = XCBuildConfiguration;
			buildSettings = {
				BUNDLE_LOADER = "$(TEST_HOST)";
				FRAMEWORK_SEARCH_PATHS = (
					"$(SDKROOT)/Developer/Library/Frameworks",
					"$(inherited)",
				);
				INFOPLIST_FILE = BlocstagramTests/Info.plist;
				LD_RUNPATH_SEARCH_PATHS = "$(inherited) @executable_path/Frameworks @loader_path/Frameworks";
				PRODUCT_NAME = "$(TARGET_NAME)";
				TEST_HOST = "$(BUILT_PRODUCTS_DIR)/Blocstagram.app/Blocstagram";
			};
			name = Release;
		};
/* End XCBuildConfiguration section */

/* Begin XCConfigurationList section */
		5D9276DE1B3B5E4F00F3EA28 /* Build configuration list for PBXProject "Blocstagram" */ = {
			isa = XCConfigurationList;
			buildConfigurations = (
				5D9277041B3B5E4F00F3EA28 /* Debug */,
				5D9277051B3B5E4F00F3EA28 /* Release */,
			);
			defaultConfigurationIsVisible = 0;
			defaultConfigurationName = Release;
		};
		5D9277061B3B5E4F00F3EA28 /* Build configuration list for PBXNativeTarget "Blocstagram" */ = {
			isa = XCConfigurationList;
			buildConfigurations = (
				5D9277071B3B5E4F00F3EA28 /* Debug */,
				5D9277081B3B5E4F00F3EA28 /* Release */,
			);
			defaultConfigurationIsVisible = 0;
			defaultConfigurationName = Release;
		};
		5D9277091B3B5E4F00F3EA28 /* Build configuration list for PBXNativeTarget "BlocstagramTests" */ = {
			isa = XCConfigurationList;
			buildConfigurations = (
				5D92770A1B3B5E4F00F3EA28 /* Debug */,
				5D92770B1B3B5E4F00F3EA28 /* Release */,
			);
			defaultConfigurationIsVisible = 0;
			defaultConfigurationName = Release;
		};
/* End XCConfigurationList section */
	};
	rootObject = 5D9276DB1B3B5E4F00F3EA28 /* Project object */;
}
